PODS:
  - Addition (0.2.5):
    - Addition/NSArray (= 0.2.5)
    - Addition/NSData (= 0.2.5)
    - Addition/NSDate (= 0.2.5)
    - Addition/NSDictionary (= 0.2.5)
    - Addition/NSDictionary (= 0.2.5)
    - Addition/NSMutableDictionary (= 0.2.5)
    - Addition/NSObject (= 0.2.5)
    - Addition/NSString (= 0.2.5)
    - Addition/UIColor (= 0.2.5)
    - Addition/UIImage (= 0.2.5)
    - Addition/UIView (= 0.2.5)
  - Addition/NSArray (0.2.5)
  - Addition/NSData (0.2.5)
  - Addition/NSDate (0.2.5)
  - Addition/NSDictionary (0.2.5)
  - Addition/NSMutableDictionary (0.2.5)
  - Addition/NSObject (0.2.5):
    - Addition/NSString
  - Addition/NSString (0.2.5):
    - Addition/NSData
  - Addition/UIColor (0.2.5)
  - Addition/UIImage (0.2.5)
  - Addition/UIView (0.2.5)
  - CRToast (0.0.9)
  - DTCoreText (1.6.21):
    - DTCoreText/Core (= 1.6.21)
    - DTFoundation/Core (~> 1.7.5)
    - DTFoundation/DTAnimatedGIF (~> 1.7.5)
    - DTFoundation/DTHTMLParser (~> 1.7.5)
    - DTFoundation/UIKit (~> 1.7.5)
  - DTCoreText/Core (1.6.21):
    - DTFoundation/Core (~> 1.7.5)
    - DTFoundation/DTAnimatedGIF (~> 1.7.5)
    - DTFoundation/DTHTMLParser (~> 1.7.5)
    - DTFoundation/UIKit (~> 1.7.5)
  - DTFoundation/Core (1.7.13)
  - DTFoundation/DTAnimatedGIF (1.7.13)
  - DTFoundation/DTHTMLParser (1.7.13):
    - DTFoundation/Core
  - DTFoundation/UIKit (1.7.13):
    - DTFoundation/Core
  - MGSwipeTableCell (1.6.7)
  - Realm (3.7.4):
    - Realm/Headers (= 3.7.4)
  - Realm/Headers (3.7.4)
  - SDAutoLayout (2.2.0)

DEPENDENCIES:
  - Addition (~> 0.2.5)
  - CRToast (~> 0.0.9)
  - DTCoreText (~> 1.6.21)
  - MGSwipeTableCell (~> 1.6.7)
  - Realm (~> 3.7.4)
  - SDAutoLayout (~> 2.2.0)

SPEC REPOS:
  https://github.com/CocoaPods/Specs.git:
    - Addition
    - CRToast
    - DTCoreText
    - DTFoundation
    - MGSwipeTableCell
    - Realm
    - SDAutoLayout

SPEC CHECKSUMS:
  Addition: f7fb6b3a4e6525cbb646ccb7f2eb9b299dcfeebb
  CRToast: 5a78c22b921c5ed3487488af605bc403a9c92fed
  DTCoreText: e5d688cffc9f6a61eddd1a4f94e2046851230de3
  DTFoundation: f03be9fd786f11e505bb8fc44e2a3732bf0917df
  MGSwipeTableCell: fb20e983988bde2b8d0df29c2d9e1d8ffd10b74a
  Realm: a469bb59e33f9926102ccaea4349822c53b9117e
  SDAutoLayout: c5509e77ae75735d9a39f7bc83dba6d3f75d49d8

PODFILE CHECKSUM: c090cb99f9a9e98210549cf1b5d85da326e5b1cc

COCOAPODS: 1.5.0
