// !$*UTF8*$!
{
	archiveVersion = 1;
	classes = {
	};
	objectVersion = 50;
	objects = {

/* Begin PBXBuildFile section */
		1BFECC9F20EF66FE001D523F /* AppDelegate.m in Sources */ = {isa = PBXBuildFile; fileRef = 1BFECC9E20EF66FE001D523F /* AppDelegate.m */; };
		1BFECCA220EF66FE001D523F /* ViewController.m in Sources */ = {isa = PBXBuildFile; fileRef = 1BFECCA120EF66FE001D523F /* ViewController.m */; };
		1BFECCA520EF66FE001D523F /* Main.storyboard in Resources */ = {isa = PBXBuildFile; fileRef = 1BFECCA320EF66FE001D523F /* Main.storyboard */; };
		1BFECCA720EF66FE001D523F /* Assets.xcassets in Resources */ = {isa = PBXBuildFile; fileRef = 1BFECCA620EF66FE001D523F /* Assets.xcassets */; };
		1BFECCAA20EF66FE001D523F /* LaunchScreen.storyboard in Resources */ = {isa = PBXBuildFile; fileRef = 1BFECCA820EF66FE001D523F /* LaunchScreen.storyboard */; };
		1BFECCAD20EF66FE001D523F /* main.m in Sources */ = {isa = PBXBuildFile; fileRef = 1BFECCAC20EF66FE001D523F /* main.m */; };
		BD7196B2622A5D84D303F54E /* libPods-MyDTCoreTextDemo.a in Frameworks */ = {isa = PBXBuildFile; fileRef = 6AC66E4AB9536468BA8B6BB1 /* libPods-MyDTCoreTextDemo.a */; };
/* End PBXBuildFile section */

/* Begin PBXFileReference section */
		1BFECC9A20EF66FE001D523F /* MyDTCoreTextDemo.app */ = {isa = PBXFileReference; explicitFileType = wrapper.application; includeInIndex = 0; path = MyDTCoreTextDemo.app; sourceTree = BUILT_PRODUCTS_DIR; };
		1BFECC9D20EF66FE001D523F /* AppDelegate.h */ = {isa = PBXFileReference; lastKnownFileType = sourcecode.c.h; path = AppDelegate.h; sourceTree = "<group>"; };
		1BFECC9E20EF66FE001D523F /* AppDelegate.m */ = {isa = PBXFileReference; lastKnownFileType = sourcecode.c.objc; path = AppDelegate.m; sourceTree = "<group>"; };
		1BFECCA020EF66FE001D523F /* ViewController.h */ = {isa = PBXFileReference; lastKnownFileType = sourcecode.c.h; path = ViewController.h; sourceTree = "<group>"; };
		1BFECCA120EF66FE001D523F /* ViewController.m */ = {isa = PBXFileReference; lastKnownFileType = sourcecode.c.objc; path = ViewController.m; sourceTree = "<group>"; };
		1BFECCA420EF66FE001D523F /* Base */ = {isa = PBXFileReference; lastKnownFileType = file.storyboard; name = Base; path = Base.lproj/Main.storyboard; sourceTree = "<group>"; };
		1BFECCA620EF66FE001D523F /* Assets.xcassets */ = {isa = PBXFileReference; lastKnownFileType = folder.assetcatalog; path = Assets.xcassets; sourceTree = "<group>"; };
		1BFECCA920EF66FE001D523F /* Base */ = {isa = PBXFileReference; lastKnownFileType = file.storyboard; name = Base; path = Base.lproj/LaunchScreen.storyboard; sourceTree = "<group>"; };
		1BFECCAB20EF66FE001D523F /* Info.plist */ = {isa = PBXFileReference; lastKnownFileType = text.plist.xml; path = Info.plist; sourceTree = "<group>"; };
		1BFECCAC20EF66FE001D523F /* main.m */ = {isa = PBXFileReference; lastKnownFileType = sourcecode.c.objc; path = main.m; sourceTree = "<group>"; };
		58E1439EFBAA4507D51C1071 /* Pods-MyDTCoreTextDemo.release.xcconfig */ = {isa = PBXFileReference; includeInIndex = 1; lastKnownFileType = text.xcconfig; name = "Pods-MyDTCoreTextDemo.release.xcconfig"; path = "../Pods/Target Support Files/Pods-MyDTCoreTextDemo/Pods-MyDTCoreTextDemo.release.xcconfig"; sourceTree = "<group>"; };
		6AC66E4AB9536468BA8B6BB1 /* libPods-MyDTCoreTextDemo.a */ = {isa = PBXFileReference; explicitFileType = archive.ar; includeInIndex = 0; path = "libPods-MyDTCoreTextDemo.a"; sourceTree = BUILT_PRODUCTS_DIR; };
		B5AE87544A21FDB1F2A0FC64 /* Pods-MyDTCoreTextDemo.debug.xcconfig */ = {isa = PBXFileReference; includeInIndex = 1; lastKnownFileType = text.xcconfig; name = "Pods-MyDTCoreTextDemo.debug.xcconfig"; path = "../Pods/Target Support Files/Pods-MyDTCoreTextDemo/Pods-MyDTCoreTextDemo.debug.xcconfig"; sourceTree = "<group>"; };
/* End PBXFileReference section */

/* Begin PBXFrameworksBuildPhase section */
		1BFECC9720EF66FE001D523F /* Frameworks */ = {
			isa = PBXFrameworksBuildPhase;
			buildActionMask = 2147483647;
			files = (
				BD7196B2622A5D84D303F54E /* libPods-MyDTCoreTextDemo.a in Frameworks */,
			);
			runOnlyForDeploymentPostprocessing = 0;
		};
/* End PBXFrameworksBuildPhase section */

/* Begin PBXGroup section */
		1BFECC9120EF66FE001D523F = {
			isa = PBXGroup;
			children = (
				1BFECC9C20EF66FE001D523F /* MyDTCoreTextDemo */,
				1BFECC9B20EF66FE001D523F /* Products */,
				9C60E0F07136E46A2FF6FFE0 /* Pods */,
				3209F2C14E8F170EF466B3D9 /* Frameworks */,
			);
			sourceTree = "<group>";
		};
		1BFECC9B20EF66FE001D523F /* Products */ = {
			isa = PBXGroup;
			children = (
				1BFECC9A20EF66FE001D523F /* MyDTCoreTextDemo.app */,
			);
			name = Products;
			sourceTree = "<group>";
		};
		1BFECC9C20EF66FE001D523F /* MyDTCoreTextDemo */ = {
			isa = PBXGroup;
			children = (
				1BFECC9D20EF66FE001D523F /* AppDelegate.h */,
				1BFECC9E20EF66FE001D523F /* AppDelegate.m */,
				1BFECCA020EF66FE001D523F /* ViewController.h */,
				1BFECCA120EF66FE001D523F /* ViewController.m */,
				1BFECCA320EF66FE001D523F /* Main.storyboard */,
				1BFECCA620EF66FE001D523F /* Assets.xcassets */,
				1BFECCA820EF66FE001D523F /* LaunchScreen.storyboard */,
				1BFECCAB20EF66FE001D523F /* Info.plist */,
				1BFECCAC20EF66FE001D523F /* main.m */,
			);
			path = MyDTCoreTextDemo;
			sourceTree = "<group>";
		};
		3209F2C14E8F170EF466B3D9 /* Frameworks */ = {
			isa = PBXGroup;
			children = (
				6AC66E4AB9536468BA8B6BB1 /* libPods-MyDTCoreTextDemo.a */,
			);
			name = Frameworks;
			sourceTree = "<group>";
		};
		9C60E0F07136E46A2FF6FFE0 /* Pods */ = {
			isa = PBXGroup;
			children = (
				B5AE87544A21FDB1F2A0FC64 /* Pods-MyDTCoreTextDemo.debug.xcconfig */,
				58E1439EFBAA4507D51C1071 /* Pods-MyDTCoreTextDemo.release.xcconfig */,
			);
			name = Pods;
			sourceTree = "<group>";
		};
/* End PBXGroup section */

/* Begin PBXNativeTarget section */
		1BFECC9920EF66FE001D523F /* MyDTCoreTextDemo */ = {
			isa = PBXNativeTarget;
			buildConfigurationList = 1BFECCB020EF66FE001D523F /* Build configuration list for PBXNativeTarget "MyDTCoreTextDemo" */;
			buildPhases = (
				7A5CDC54726843E17B4D0BCD /* [CP] Check Pods Manifest.lock */,
				1BFECC9620EF66FE001D523F /* Sources */,
				1BFECC9720EF66FE001D523F /* Frameworks */,
				1BFECC9820EF66FE001D523F /* Resources */,
			);
			buildRules = (
			);
			dependencies = (
			);
			name = MyDTCoreTextDemo;
			productName = MyDTCoreTextDemo;
			productReference = 1BFECC9A20EF66FE001D523F /* MyDTCoreTextDemo.app */;
			productType = "com.apple.product-type.application";
		};
/* End PBXNativeTarget section */

/* Begin PBXProject section */
		1BFECC9220EF66FE001D523F /* Project object */ = {
			isa = PBXProject;
			attributes = {
				LastUpgradeCheck = 0940;
				ORGANIZATIONNAME = "蔡成汉";
				TargetAttributes = {
					1BFECC9920EF66FE001D523F = {
						CreatedOnToolsVersion = 9.4.1;
					};
				};
			};
			buildConfigurationList = 1BFECC9520EF66FE001D523F /* Build configuration list for PBXProject "MyDTCoreTextDemo" */;
			compatibilityVersion = "Xcode 9.3";
			developmentRegion = en;
			hasScannedForEncodings = 0;
			knownRegions = (
				en,
				Base,
			);
			mainGroup = 1BFECC9120EF66FE001D523F;
			productRefGroup = 1BFECC9B20EF66FE001D523F /* Products */;
			projectDirPath = "";
			projectRoot = "";
			targets = (
				1BFECC9920EF66FE001D523F /* MyDTCoreTextDemo */,
			);
		};
/* End PBXProject section */

/* Begin PBXResourcesBuildPhase section */
		1BFECC9820EF66FE001D523F /* Resources */ = {
			isa = PBXResourcesBuildPhase;
			buildActionMask = 2147483647;
			files = (
				1BFECCAA20EF66FE001D523F /* LaunchScreen.storyboard in Resources */,
				1BFECCA720EF66FE001D523F /* Assets.xcassets in Resources */,
				1BFECCA520EF66FE001D523F /* Main.storyboard in Resources */,
			);
			runOnlyForDeploymentPostprocessing = 0;
		};
/* End PBXResourcesBuildPhase section */

/* Begin PBXShellScriptBuildPhase section */
		7A5CDC54726843E17B4D0BCD /* [CP] Check Pods Manifest.lock */ = {
			isa = PBXShellScriptBuildPhase;
			buildActionMask = 2147483647;
			files = (
			);
			inputPaths = (
				"${PODS_PODFILE_DIR_PATH}/Podfile.lock",
				"${PODS_ROOT}/Manifest.lock",
			);
			name = "[CP] Check Pods Manifest.lock";
			outputPaths = (
				"$(DERIVED_FILE_DIR)/Pods-MyDTCoreTextDemo-checkManifestLockResult.txt",
			);
			runOnlyForDeploymentPostprocessing = 0;
			shellPath = /bin/sh;
			shellScript = "diff \"${PODS_PODFILE_DIR_PATH}/Podfile.lock\" \"${PODS_ROOT}/Manifest.lock\" > /dev/null\nif [ $? != 0 ] ; then\n    # print error to STDERR\n    echo \"error: The sandbox is not in sync with the Podfile.lock. Run 'pod install' or update your CocoaPods installation.\" >&2\n    exit 1\nfi\n# This output is used by Xcode 'outputs' to avoid re-running this script phase.\necho \"SUCCESS\" > \"${SCRIPT_OUTPUT_FILE_0}\"\n";
			showEnvVarsInLog = 0;
		};
/* End PBXShellScriptBuildPhase section */

/* Begin PBXSourcesBuildPhase section */
		1BFECC9620EF66FE001D523F /* Sources */ = {
			isa = PBXSourcesBuildPhase;
			buildActionMask = 2147483647;
			files = (
				1BFECCA220EF66FE001D523F /* ViewController.m in Sources */,
				1BFECCAD20EF66FE001D523F /* main.m in Sources */,
				1BFECC9F20EF66FE001D523F /* AppDelegate.m in Sources */,
			);
			runOnlyForDeploymentPostprocessing = 0;
		};
/* End PBXSourcesBuildPhase section */

/* Begin PBXVariantGroup section */
		1BFECCA320EF66FE001D523F /* Main.storyboard */ = {
			isa = PBXVariantGroup;
			children = (
				1BFECCA420EF66FE001D523F /* Base */,
			);
			name = Main.storyboard;
			sourceTree = "<group>";
		};
		1BFECCA820EF66FE001D523F /* LaunchScreen.storyboard */ = {
			isa = PBXVariantGroup;
			children = (
				1BFECCA920EF66FE001D523F /* Base */,
			);
			name = LaunchScreen.storyboard;
			sourceTree = "<group>";
		};
/* End PBXVariantGroup section */

/* Begin XCBuildConfiguration section */
		1BFECCAE20EF66FE001D523F /* Debug */ = {
			isa = XCBuildConfiguration;
			buildSettings = {
				ALWAYS_SEARCH_USER_PATHS = NO;
				CLANG_ANALYZER_NONNULL = YES;
				CLANG_ANALYZER_NUMBER_OBJECT_CONVERSION = YES_AGGRESSIVE;
				CLANG_CXX_LANGUAGE_STANDARD = "gnu++14";
				CLANG_CXX_LIBRARY = "libc++";
				CLANG_ENABLE_MODULES = YES;
				CLANG_ENABLE_OBJC_ARC = YES;
				CLANG_ENABLE_OBJC_WEAK = YES;
				CLANG_WARN_BLOCK_CAPTURE_AUTORELEASING = YES;
				CLANG_WARN_BOOL_CONVERSION = YES;
				CLANG_WARN_COMMA = YES;
				CLANG_WARN_CONSTANT_CONVERSION = YES;
				CLANG_WARN_DEPRECATED_OBJC_IMPLEMENTATIONS = YES;
				CLANG_WARN_DIRECT_OBJC_ISA_USAGE = YES_ERROR;
				CLANG_WARN_DOCUMENTATION_COMMENTS = YES;
				CLANG_WARN_EMPTY_BODY = YES;
				CLANG_WARN_ENUM_CONVERSION = YES;
				CLANG_WARN_INFINITE_RECURSION = YES;
				CLANG_WARN_INT_CONVERSION = YES;
				CLANG_WARN_NON_LITERAL_NULL_CONVERSION = YES;
				CLANG_WARN_OBJC_IMPLICIT_RETAIN_SELF = YES;
				CLANG_WARN_OBJC_LITERAL_CONVERSION = YES;
				CLANG_WARN_OBJC_ROOT_CLASS = YES_ERROR;
				CLANG_WARN_RANGE_LOOP_ANALYSIS = YES;
				CLANG_WARN_STRICT_PROTOTYPES = YES;
				CLANG_WARN_SUSPICIOUS_MOVE = YES;
				CLANG_WARN_UNGUARDED_AVAILABILITY = YES_AGGRESSIVE;
				CLANG_WARN_UNREACHABLE_CODE = YES;
				CLANG_WARN__DUPLICATE_METHOD_MATCH = YES;
				CODE_SIGN_IDENTITY = "iPhone Developer";
				COPY_PHASE_STRIP = NO;
				DEBUG_INFORMATION_FORMAT = dwarf;
				ENABLE_STRICT_OBJC_MSGSEND = YES;
				ENABLE_TESTABILITY = YES;
				GCC_C_LANGUAGE_STANDARD = gnu11;
				GCC_DYNAMIC_NO_PIC = NO;
				GCC_NO_COMMON_BLOCKS = YES;
				GCC_OPTIMIZATION_LEVEL = 0;
				GCC_PREPROCESSOR_DEFINITIONS = (
					"DEBUG=1",
					"$(inherited)",
				);
				GCC_WARN_64_TO_32_BIT_CONVERSION = YES;
				GCC_WARN_ABOUT_RETURN_TYPE = YES_ERROR;
				GCC_WARN_UNDECLARED_SELECTOR = YES;
				GCC_WARN_UNINITIALIZED_AUTOS = YES_AGGRESSIVE;
				GCC_WARN_UNUSED_FUNCTION = YES;
				GCC_WARN_UNUSED_VARIABLE = YES;
				IPHONEOS_DEPLOYMENT_TARGET = 11.4;
				MTL_ENABLE_DEBUG_INFO = YES;
				ONLY_ACTIVE_ARCH = YES;
				SDKROOT = iphoneos;
			};
			name = Debug;
		};
		1BFECCAF20EF66FE001D523F /* Release */ = {
			isa = XCBuildConfiguration;
			buildSettings = {
				ALWAYS_SEARCH_USER_PATHS = NO;
				CLANG_ANALYZER_NONNULL = YES;
				CLANG_ANALYZER_NUMBER_OBJECT_CONVERSION = YES_AGGRESSIVE;
				CLANG_CXX_LANGUAGE_STANDARD = "gnu++14";
				CLANG_CXX_LIBRARY = "libc++";
				CLANG_ENABLE_MODULES = YES;
				CLANG_ENABLE_OBJC_ARC = YES;
				CLANG_ENABLE_OBJC_WEAK = YES;
				CLANG_WARN_BLOCK_CAPTURE_AUTORELEASING = YES;
				CLANG_WARN_BOOL_CONVERSION = YES;
				CLANG_WARN_COMMA = YES;
				CLANG_WARN_CONSTANT_CONVERSION = YES;
				CLANG_WARN_DEPRECATED_OBJC_IMPLEMENTATIONS = YES;
				CLANG_WARN_DIRECT_OBJC_ISA_USAGE = YES_ERROR;
				CLANG_WARN_DOCUMENTATION_COMMENTS = YES;
				CLANG_WARN_EMPTY_BODY = YES;
				CLANG_WARN_ENUM_CONVERSION = YES;
				CLANG_WARN_INFINITE_RECURSION = YES;
				CLANG_WARN_INT_CONVERSION = YES;
				CLANG_WARN_NON_LITERAL_NULL_CONVERSION = YES;
				CLANG_WARN_OBJC_IMPLICIT_RETAIN_SELF = YES;
				CLANG_WARN_OBJC_LITERAL_CONVERSION = YES;
				CLANG_WARN_OBJC_ROOT_CLASS = YES_ERROR;
				CLANG_WARN_RANGE_LOOP_ANALYSIS = YES;
				CLANG_WARN_STRICT_PROTOTYPES = YES;
				CLANG_WARN_SUSPICIOUS_MOVE = YES;
				CLANG_WARN_UNGUARDED_AVAILABILITY = YES_AGGRESSIVE;
				CLANG_WARN_UNREACHABLE_CODE = YES;
				CLANG_WARN__DUPLICATE_METHOD_MATCH = YES;
				CODE_SIGN_IDENTITY = "iPhone Developer";
				COPY_PHASE_STRIP = NO;
				DEBUG_INFORMATION_FORMAT = "dwarf-with-dsym";
				ENABLE_NS_ASSERTIONS = NO;
				ENABLE_STRICT_OBJC_MSGSEND = YES;
				GCC_C_LANGUAGE_STANDARD = gnu11;
				GCC_NO_COMMON_BLOCKS = YES;
				GCC_WARN_64_TO_32_BIT_CONVERSION = YES;
				GCC_WARN_ABOUT_RETURN_TYPE = YES_ERROR;
				GCC_WARN_UNDECLARED_SELECTOR = YES;
				GCC_WARN_UNINITIALIZED_AUTOS = YES_AGGRESSIVE;
				GCC_WARN_UNUSED_FUNCTION = YES;
				GCC_WARN_UNUSED_VARIABLE = YES;
				IPHONEOS_DEPLOYMENT_TARGET = 11.4;
				MTL_ENABLE_DEBUG_INFO = NO;
				SDKROOT = iphoneos;
				VALIDATE_PRODUCT = YES;
			};
			name = Release;
		};
		1BFECCB120EF66FE001D523F /* Debug */ = {
			isa = XCBuildConfiguration;
			baseConfigurationReference = B5AE87544A21FDB1F2A0FC64 /* Pods-MyDTCoreTextDemo.debug.xcconfig */;
			buildSettings = {
				ASSETCATALOG_COMPILER_APPICON_NAME = AppIcon;
				CODE_SIGN_STYLE = Automatic;
				INFOPLIST_FILE = MyDTCoreTextDemo/Info.plist;
				LD_RUNPATH_SEARCH_PATHS = "$(inherited) @executable_path/Frameworks";
				PRODUCT_BUNDLE_IDENTIFIER = com.caichenghan.MyDTCoreTextDemo;
				PRODUCT_NAME = "$(TARGET_NAME)";
				TARGETED_DEVICE_FAMILY = "1,2";
			};
			name = Debug;
		};
		1BFECCB220EF66FE001D523F /* Release */ = {
			isa = XCBuildConfiguration;
			baseConfigurationReference = 58E1439EFBAA4507D51C1071 /* Pods-MyDTCoreTextDemo.release.xcconfig */;
			buildSettings = {
				ASSETCATALOG_COMPILER_APPICON_NAME = AppIcon;
				CODE_SIGN_STYLE = Automatic;
				INFOPLIST_FILE = MyDTCoreTextDemo/Info.plist;
				LD_RUNPATH_SEARCH_PATHS = "$(inherited) @executable_path/Frameworks";
				PRODUCT_BUNDLE_IDENTIFIER = com.caichenghan.MyDTCoreTextDemo;
				PRODUCT_NAME = "$(TARGET_NAME)";
				TARGETED_DEVICE_FAMILY = "1,2";
			};
			name = Release;
		};
/* End XCBuildConfiguration section */

/* Begin XCConfigurationList section */
		1BFECC9520EF66FE001D523F /* Build configuration list for PBXProject "MyDTCoreTextDemo" */ = {
			isa = XCConfigurationList;
			buildConfigurations = (
				1BFECCAE20EF66FE001D523F /* Debug */,
				1BFECCAF20EF66FE001D523F /* Release */,
			);
			defaultConfigurationIsVisible = 0;
			defaultConfigurationName = Release;
		};
		1BFECCB020EF66FE001D523F /* Build configuration list for PBXNativeTarget "MyDTCoreTextDemo" */ = {
			isa = XCConfigurationList;
			buildConfigurations = (
				1BFECCB120EF66FE001D523F /* Debug */,
				1BFECCB220EF66FE001D523F /* Release */,
			);
			defaultConfigurationIsVisible = 0;
			defaultConfigurationName = Release;
		};
/* End XCConfigurationList section */
	};
	rootObject = 1BFECC9220EF66FE001D523F /* Project object */;
}
